// !$*UTF8*$!
{
	archiveVersion = 1;
	classes = {
	};
	objectVersion = 46;
	objects = {

/* Begin PBXBuildFile section */
		FC189399153B33E900708E7E /* MonteCarloTest.m in Sources */ = {isa = PBXBuildFile; fileRef = FC189398153B33E900708E7E /* MonteCarloTest.m */; };
		FC3FE9D514F448A70092543C /* Stack.m in Sources */ = {isa = PBXBuildFile; fileRef = FC3FE9D414F448A70092543C /* Stack.m */; };
		FC47032C15016E8E0004FB52 /* Foundation.framework in Frameworks */ = {isa = PBXBuildFile; fileRef = FC47032B15016E8E0004FB52 /* Foundation.framework */; };
		FC47032E15016ECA0004FB52 /* CoreGraphics.framework in Frameworks */ = {isa = PBXBuildFile; fileRef = FC47032D15016ECA0004FB52 /* CoreGraphics.framework */; };
		FC47033015016ED00004FB52 /* UIKit.framework in Frameworks */ = {isa = PBXBuildFile; fileRef = FC47032F15016ED00004FB52 /* UIKit.framework */; };
		FC49E6DD14EB05660067166D /* BoardView.m in Sources */ = {isa = PBXBuildFile; fileRef = FC49E6DC14EB05660067166D /* BoardView.m */; };
		FC8B62A314E997AE0084B74A /* InfoPlist.strings in Resources */ = {isa = PBXBuildFile; fileRef = FC8B62A114E997AE0084B74A /* InfoPlist.strings */; };
		FC8B62A514E997AE0084B74A /* main.m in Sources */ = {isa = PBXBuildFile; fileRef = FC8B62A414E997AE0084B74A /* main.m */; };
		FC8B62A914E997AE0084B74A /* AppDelegate.m in Sources */ = {isa = PBXBuildFile; fileRef = FC8B62A814E997AE0084B74A /* AppDelegate.m */; };
		FC8B62AC14E997AE0084B74A /* ViewController.m in Sources */ = {isa = PBXBuildFile; fileRef = FC8B62AB14E997AE0084B74A /* ViewController.m */; };
		FC8B62AF14E997AE0084B74A /* ViewController.xib in Resources */ = {isa = PBXBuildFile; fileRef = FC8B62AD14E997AE0084B74A /* ViewController.xib */; };
		FC8B62B714E997E40084B74A /* MainView.m in Sources */ = {isa = PBXBuildFile; fileRef = FC8B62B614E997E40084B74A /* MainView.m */; };
		FC8B62BD14E9A7510084B74A /* Game.m in Sources */ = {isa = PBXBuildFile; fileRef = FC8B62BC14E9A7510084B74A /* Game.m */; };
		FC8B62C114E9A7A10084B74A /* Board.m in Sources */ = {isa = PBXBuildFile; fileRef = FC8B62C014E9A7A10084B74A /* Board.m */; };
		FC8B62C414E9A96B0084B74A /* Hex.m in Sources */ = {isa = PBXBuildFile; fileRef = FC8B62C314E9A96B0084B74A /* Hex.m */; };
		FC8B62C814E9B9900084B74A /* HexView.m in Sources */ = {isa = PBXBuildFile; fileRef = FC8B62C714E9B9900084B74A /* HexView.m */; };
		FCCF36F1151908190023D983 /* SenTestingKit.framework in Frameworks */ = {isa = PBXBuildFile; fileRef = FC47033815016F790004FB52 /* SenTestingKit.framework */; };
		FCCF36F2151908190023D983 /* UIKit.framework in Frameworks */ = {isa = PBXBuildFile; fileRef = FC47032F15016ED00004FB52 /* UIKit.framework */; };
		FCCF36F3151908190023D983 /* Foundation.framework in Frameworks */ = {isa = PBXBuildFile; fileRef = FC47032B15016E8E0004FB52 /* Foundation.framework */; };
		FCCF36F9151908190023D983 /* InfoPlist.strings in Resources */ = {isa = PBXBuildFile; fileRef = FCCF36F7151908190023D983 /* InfoPlist.strings */; };
		FCCF372415190C160023D983 /* AIFight.m in Sources */ = {isa = PBXBuildFile; fileRef = FCE8627C14ED9A9500AEA221 /* AIFight.m */; };
		FCCF372515190C160023D983 /* AIFight.h in Sources */ = {isa = PBXBuildFile; fileRef = FCE8627C14ED9A9500AEA223 /* AIFight.h */; };
		FCCF372615190C160023D983 /* GameStatus.h in Sources */ = {isa = PBXBuildFile; fileRef = FCE8627C14ED9A9500AEA213 /* GameStatus.h */; };
		FCCF372715190C160023D983 /* GameStatus.m in Sources */ = {isa = PBXBuildFile; fileRef = FCE8627C14ED9A9500AEA211 /* GameStatus.m */; };
		FCCF372815190C160023D983 /* Board.h in Sources */ = {isa = PBXBuildFile; fileRef = FC8B62BF14E9A7A10084B74A /* Board.h */; };
		FCCF372915190C160023D983 /* Board.m in Sources */ = {isa = PBXBuildFile; fileRef = FC8B62C014E9A7A10084B74A /* Board.m */; };
		FCCF372A15190C160023D983 /* Hex.h in Sources */ = {isa = PBXBuildFile; fileRef = FC8B62C214E9A96B0084B74A /* Hex.h */; };
		FCCF372B15190C160023D983 /* Hex.m in Sources */ = {isa = PBXBuildFile; fileRef = FC8B62C314E9A96B0084B74A /* Hex.m */; };
		FCCF372C15190C200023D983 /* RandomAI.h in Sources */ = {isa = PBXBuildFile; fileRef = FCE8627C14ED9A9500AEA220 /* RandomAI.h */; };
		FCCF372D15190C200023D983 /* RandomAI.m in Sources */ = {isa = PBXBuildFile; fileRef = FCE8627C14ED9A9500AEA21E /* RandomAI.m */; };
		FCCF372E15190C200023D983 /* Human.h in Sources */ = {isa = PBXBuildFile; fileRef = FCE8627C14ED9A9500AEA21D /* Human.h */; };
		FCCF372F15190C200023D983 /* Human.m in Sources */ = {isa = PBXBuildFile; fileRef = FCE8627C14ED9A9500AEA21B /* Human.m */; };
		FCCF373015190C200023D983 /* Player.h in Sources */ = {isa = PBXBuildFile; fileRef = FCE8627C14ED9A9500AEA21A /* Player.h */; };
		FCCF373115190C380023D983 /* Array2D.h in Sources */ = {isa = PBXBuildFile; fileRef = FCE8627C14ED9A9500AEA216 /* Array2D.h */; };
		FCCF373215190C380023D983 /* Array2D.m in Sources */ = {isa = PBXBuildFile; fileRef = FCE8627C14ED9A9500AEA214 /* Array2D.m */; };
		FCCF373315190C380023D983 /* Stack.h in Sources */ = {isa = PBXBuildFile; fileRef = FC3FE9D314F448A70092543C /* Stack.h */; };
		FCCF373415190C380023D983 /* Stack.m in Sources */ = {isa = PBXBuildFile; fileRef = FC3FE9D414F448A70092543C /* Stack.m */; };
		FCE8627C14ED9A9500AEA212 /* GameStatus.m in Sources */ = {isa = PBXBuildFile; fileRef = FCE8627C14ED9A9500AEA211 /* GameStatus.m */; };
		FCE8627C14ED9A9500AEA215 /* Array2D.m in Sources */ = {isa = PBXBuildFile; fileRef = FCE8627C14ED9A9500AEA214 /* Array2D.m */; };
		FCE8627C14ED9A9500AEA218 /* (null) in Sources */ = {isa = PBXBuildFile; };
		FCE8627C14ED9A9500AEA21C /* Human.m in Sources */ = {isa = PBXBuildFile; fileRef = FCE8627C14ED9A9500AEA21B /* Human.m */; };
		FCE8627C14ED9A9500AEA21F /* RandomAI.m in Sources */ = {isa = PBXBuildFile; fileRef = FCE8627C14ED9A9500AEA21E /* RandomAI.m */; };
		FCE8627C14ED9A9500AEA222 /* AIFight.m in Sources */ = {isa = PBXBuildFile; fileRef = FCE8627C14ED9A9500AEA221 /* AIFight.m */; };
		FCE8627C14ED9A9500AEA228 /* RandomAIFightTest.m in Sources */ = {isa = PBXBuildFile; fileRef = FCE8627C14ED9A9500AEA227 /* RandomAIFightTest.m */; };
		FCE8627C14ED9A9500AEA22B /* MonteCarloAI.m in Sources */ = {isa = PBXBuildFile; fileRef = FCE8627C14ED9A9500AEA22A /* MonteCarloAI.m */; };
		FCE8627C14ED9A9500AEA22C /* MonteCarloAI.m in Sources */ = {isa = PBXBuildFile; fileRef = FCE8627C14ED9A9500AEA22A /* MonteCarloAI.m */; };
		FCE8627C14ED9A9500AEA22F /* AbstractPlayer.m in Sources */ = {isa = PBXBuildFile; fileRef = FCE8627C14ED9A9500AEA22E /* AbstractPlayer.m */; };
		FCE8627C14ED9A9500AEA230 /* AbstractPlayer.m in Sources */ = {isa = PBXBuildFile; fileRef = FCE8627C14ED9A9500AEA22E /* AbstractPlayer.m */; };
		FCE8627C14ED9A9500AEA233 /* AIPlayer.m in Sources */ = {isa = PBXBuildFile; fileRef = FCE8627C14ED9A9500AEA232 /* AIPlayer.m */; };
		FCE8627C14ED9A9500AEA234 /* AIPlayer.m in Sources */ = {isa = PBXBuildFile; fileRef = FCE8627C14ED9A9500AEA232 /* AIPlayer.m */; };
		FCE8627C14ED9A9500AEA237 /* TreeNode.m in Sources */ = {isa = PBXBuildFile; fileRef = FCE8627C14ED9A9500AEA236 /* TreeNode.m */; };
		FCE8627C14ED9A9500AEA238 /* TreeNode.m in Sources */ = {isa = PBXBuildFile; fileRef = FCE8627C14ED9A9500AEA236 /* TreeNode.m */; };
		FCE8627C14ED9A9500AEA23C /* MonteCarloNode.m in Sources */ = {isa = PBXBuildFile; fileRef = FCE8627C14ED9A9500AEA23B /* MonteCarloNode.m */; };
		FCE8627C14ED9A9500AEA23D /* MonteCarloNode.m in Sources */ = {isa = PBXBuildFile; fileRef = FCE8627C14ED9A9500AEA23B /* MonteCarloNode.m */; };
		FCE8627C14ED9A9500AEA240 /* RandomUtils.m in Sources */ = {isa = PBXBuildFile; fileRef = FCE8627C14ED9A9500AEA23F /* RandomUtils.m */; };
		FCE8627C14ED9A9500AEA241 /* RandomUtils.m in Sources */ = {isa = PBXBuildFile; fileRef = FCE8627C14ED9A9500AEA23F /* RandomUtils.m */; };
		FCE8627C14ED9A9500AEA244 /* PlayersPair.m in Sources */ = {isa = PBXBuildFile; fileRef = FCE8627C14ED9A9500AEA243 /* PlayersPair.m */; };
		FCE8627C14ED9A9500AEA245 /* PlayersPair.m in Sources */ = {isa = PBXBuildFile; fileRef = FCE8627C14ED9A9500AEA243 /* PlayersPair.m */; };
		FCE8627C14ED9A9500AEA24B /* WinRatio.m in Sources */ = {isa = PBXBuildFile; fileRef = FCE8627C14ED9A9500AEA24A /* WinRatio.m */; };
		FCE8627C14ED9A9500AEA24C /* WinRatio.m in Sources */ = {isa = PBXBuildFile; fileRef = FCE8627C14ED9A9500AEA24A /* WinRatio.m */; };
		FCE8627C14ED9A9500AEA259 /* MonteCarloAI2.m in Sources */ = {isa = PBXBuildFile; fileRef = FCE8627C14ED9A9500AEA258 /* MonteCarloAI2.m */; };
		FCE8627C14ED9A9500AEA25A /* MonteCarloAI2.m in Sources */ = {isa = PBXBuildFile; fileRef = FCE8627C14ED9A9500AEA258 /* MonteCarloAI2.m */; };
		FCE8627C14ED9A9500AEA25D /* MonteCarloNode2.m in Sources */ = {isa = PBXBuildFile; fileRef = FCE8627C14ED9A9500AEA25C /* MonteCarloNode2.m */; };
		FCE8627C14ED9A9500AEA25E /* MonteCarloNode2.m in Sources */ = {isa = PBXBuildFile; fileRef = FCE8627C14ED9A9500AEA25C /* MonteCarloNode2.m */; };
		FCE8627C14ED9A9500AEA260 /* DummyAI.m in Sources */ = {isa = PBXBuildFile; };
/* End PBXBuildFile section */

/* Begin PBXFileReference section */
		FC189397153B33E900708E7E /* MonteCarloTest.h */ = {isa = PBXFileReference; fileEncoding = 4; lastKnownFileType = sourcecode.c.h; name = MonteCarloTest.h; path = Tests/MonteCarloTest.h; sourceTree = SOURCE_ROOT; };
		FC189398153B33E900708E7E /* MonteCarloTest.m */ = {isa = PBXFileReference; fileEncoding = 4; lastKnownFileType = sourcecode.c.objc; name = MonteCarloTest.m; path = Tests/MonteCarloTest.m; sourceTree = SOURCE_ROOT; };
		FC3FE9D314F448A70092543C /* Stack.h */ = {isa = PBXFileReference; fileEncoding = 4; lastKnownFileType = sourcecode.c.h; path = Stack.h; sourceTree = "<group>"; };
		FC3FE9D414F448A70092543C /* Stack.m */ = {isa = PBXFileReference; fileEncoding = 4; lastKnownFileType = sourcecode.c.objc; path = Stack.m; sourceTree = "<group>"; };
		FC47032B15016E8E0004FB52 /* Foundation.framework */ = {isa = PBXFileReference; lastKnownFileType = wrapper.framework; name = Foundation.framework; path = System/Library/Frameworks/Foundation.framework; sourceTree = SDKROOT; };
		FC47032D15016ECA0004FB52 /* CoreGraphics.framework */ = {isa = PBXFileReference; lastKnownFileType = wrapper.framework; name = CoreGraphics.framework; path = System/Library/Frameworks/CoreGraphics.framework; sourceTree = SDKROOT; };
		FC47032F15016ED00004FB52 /* UIKit.framework */ = {isa = PBXFileReference; lastKnownFileType = wrapper.framework; name = UIKit.framework; path = System/Library/Frameworks/UIKit.framework; sourceTree = SDKROOT; };
		FC47033815016F790004FB52 /* SenTestingKit.framework */ = {isa = PBXFileReference; lastKnownFileType = wrapper.framework; name = SenTestingKit.framework; path = Library/Frameworks/SenTestingKit.framework; sourceTree = DEVELOPER_DIR; };
		FC47033E15016F790004FB52 /* Tests-Info.plist */ = {isa = PBXFileReference; lastKnownFileType = text.plist.xml; path = "Tests-Info.plist"; sourceTree = "<group>"; };
		FC47034015016F790004FB52 /* en */ = {isa = PBXFileReference; lastKnownFileType = text.plist.strings; name = en; path = en.lproj/InfoPlist.strings; sourceTree = "<group>"; };
		FC47034515016F790004FB52 /* Tests-Prefix.pch */ = {isa = PBXFileReference; lastKnownFileType = sourcecode.c.h; path = "Tests-Prefix.pch"; sourceTree = "<group>"; };
		FC49E6DB14EB05660067166D /* BoardView.h */ = {isa = PBXFileReference; fileEncoding = 4; lastKnownFileType = sourcecode.c.h; path = BoardView.h; sourceTree = "<group>"; };
		FC49E6DC14EB05660067166D /* BoardView.m */ = {isa = PBXFileReference; fileEncoding = 4; lastKnownFileType = sourcecode.c.objc; path = BoardView.m; sourceTree = "<group>"; };
		FC8B629414E997AE0084B74A /* Hex Board Game.app */ = {isa = PBXFileReference; explicitFileType = wrapper.application; includeInIndex = 0; path = "Hex Board Game.app"; sourceTree = BUILT_PRODUCTS_DIR; };
		FC8B62A014E997AE0084B74A /* Hex Board Game-Info.plist */ = {isa = PBXFileReference; lastKnownFileType = text.plist.xml; path = "Hex Board Game-Info.plist"; sourceTree = "<group>"; };
		FC8B62A214E997AE0084B74A /* en */ = {isa = PBXFileReference; lastKnownFileType = text.plist.strings; name = en; path = en.lproj/InfoPlist.strings; sourceTree = "<group>"; };
		FC8B62A414E997AE0084B74A /* main.m */ = {isa = PBXFileReference; lastKnownFileType = sourcecode.c.objc; path = main.m; sourceTree = "<group>"; };
		FC8B62A614E997AE0084B74A /* Hex Board Game-Prefix.pch */ = {isa = PBXFileReference; lastKnownFileType = sourcecode.c.h; path = "Hex Board Game-Prefix.pch"; sourceTree = "<group>"; };
		FC8B62A714E997AE0084B74A /* AppDelegate.h */ = {isa = PBXFileReference; lastKnownFileType = sourcecode.c.h; path = AppDelegate.h; sourceTree = "<group>"; };
		FC8B62A814E997AE0084B74A /* AppDelegate.m */ = {isa = PBXFileReference; lastKnownFileType = sourcecode.c.objc; path = AppDelegate.m; sourceTree = "<group>"; };
		FC8B62AA14E997AE0084B74A /* ViewController.h */ = {isa = PBXFileReference; lastKnownFileType = sourcecode.c.h; path = ViewController.h; sourceTree = "<group>"; };
		FC8B62AB14E997AE0084B74A /* ViewController.m */ = {isa = PBXFileReference; lastKnownFileType = sourcecode.c.objc; path = ViewController.m; sourceTree = "<group>"; };
		FC8B62AE14E997AE0084B74A /* en */ = {isa = PBXFileReference; lastKnownFileType = file.xib; name = en; path = en.lproj/ViewController.xib; sourceTree = "<group>"; };
		FC8B62B514E997E40084B74A /* MainView.h */ = {isa = PBXFileReference; fileEncoding = 4; lastKnownFileType = sourcecode.c.h; path = MainView.h; sourceTree = "<group>"; };
		FC8B62B614E997E40084B74A /* MainView.m */ = {isa = PBXFileReference; fileEncoding = 4; lastKnownFileType = sourcecode.c.objc; path = MainView.m; sourceTree = "<group>"; };
		FC8B62BB14E9A7510084B74A /* Game.h */ = {isa = PBXFileReference; fileEncoding = 4; lastKnownFileType = sourcecode.c.h; path = Game.h; sourceTree = "<group>"; };
		FC8B62BC14E9A7510084B74A /* Game.m */ = {isa = PBXFileReference; fileEncoding = 4; lastKnownFileType = sourcecode.c.objc; path = Game.m; sourceTree = "<group>"; };
		FC8B62BF14E9A7A10084B74A /* Board.h */ = {isa = PBXFileReference; fileEncoding = 4; lastKnownFileType = sourcecode.c.h; path = Board.h; sourceTree = "<group>"; };
		FC8B62C014E9A7A10084B74A /* Board.m */ = {isa = PBXFileReference; fileEncoding = 4; lastKnownFileType = sourcecode.c.objc; path = Board.m; sourceTree = "<group>"; };
		FC8B62C214E9A96B0084B74A /* Hex.h */ = {isa = PBXFileReference; fileEncoding = 4; lastKnownFileType = sourcecode.c.h; path = Hex.h; sourceTree = "<group>"; };
		FC8B62C314E9A96B0084B74A /* Hex.m */ = {isa = PBXFileReference; fileEncoding = 4; lastKnownFileType = sourcecode.c.objc; path = Hex.m; sourceTree = "<group>"; };
		FC8B62C614E9B9900084B74A /* HexView.h */ = {isa = PBXFileReference; fileEncoding = 4; lastKnownFileType = sourcecode.c.h; path = HexView.h; sourceTree = "<group>"; };
		FC8B62C714E9B9900084B74A /* HexView.m */ = {isa = PBXFileReference; fileEncoding = 4; lastKnownFileType = sourcecode.c.objc; path = HexView.m; sourceTree = "<group>"; };
		FCCF36F0151908190023D983 /* tests.octest */ = {isa = PBXFileReference; explicitFileType = wrapper.cfbundle; includeInIndex = 0; path = tests.octest; sourceTree = BUILT_PRODUCTS_DIR; };
		FCCF36F6151908190023D983 /* tests-Info.plist */ = {isa = PBXFileReference; lastKnownFileType = text.plist.xml; path = "tests-Info.plist"; sourceTree = "<group>"; };
		FCCF36F8151908190023D983 /* en */ = {isa = PBXFileReference; lastKnownFileType = text.plist.strings; name = en; path = en.lproj/InfoPlist.strings; sourceTree = "<group>"; };
		FCCF36FD151908190023D983 /* tests-Prefix.pch */ = {isa = PBXFileReference; lastKnownFileType = sourcecode.c.h; path = "tests-Prefix.pch"; sourceTree = "<group>"; };
		FCE8627C14ED9A9500AEA211 /* GameStatus.m */ = {isa = PBXFileReference; fileEncoding = 4; lastKnownFileType = sourcecode.c.objc; path = GameStatus.m; sourceTree = "<group>"; };
		FCE8627C14ED9A9500AEA213 /* GameStatus.h */ = {isa = PBXFileReference; fileEncoding = 4; lastKnownFileType = sourcecode.c.h; path = GameStatus.h; sourceTree = "<group>"; };
		FCE8627C14ED9A9500AEA214 /* Array2D.m */ = {isa = PBXFileReference; fileEncoding = 4; lastKnownFileType = sourcecode.c.objc; path = Array2D.m; sourceTree = "<group>"; };
		FCE8627C14ED9A9500AEA216 /* Array2D.h */ = {isa = PBXFileReference; fileEncoding = 4; lastKnownFileType = sourcecode.c.h; path = Array2D.h; sourceTree = "<group>"; };
		FCE8627C14ED9A9500AEA21A /* Player.h */ = {isa = PBXFileReference; fileEncoding = 4; lastKnownFileType = sourcecode.c.h; path = Player.h; sourceTree = "<group>"; };
		FCE8627C14ED9A9500AEA21B /* Human.m */ = {isa = PBXFileReference; fileEncoding = 4; lastKnownFileType = sourcecode.c.objc; path = Human.m; sourceTree = "<group>"; };
		FCE8627C14ED9A9500AEA21D /* Human.h */ = {isa = PBXFileReference; fileEncoding = 4; lastKnownFileType = sourcecode.c.h; path = Human.h; sourceTree = "<group>"; };
		FCE8627C14ED9A9500AEA21E /* RandomAI.m */ = {isa = PBXFileReference; fileEncoding = 4; lastKnownFileType = sourcecode.c.objc; path = RandomAI.m; sourceTree = "<group>"; };
		FCE8627C14ED9A9500AEA220 /* RandomAI.h */ = {isa = PBXFileReference; fileEncoding = 4; lastKnownFileType = sourcecode.c.h; path = RandomAI.h; sourceTree = "<group>"; };
		FCE8627C14ED9A9500AEA221 /* AIFight.m */ = {isa = PBXFileReference; fileEncoding = 4; lastKnownFileType = sourcecode.c.objc; name = AIFight.m; path = player/AIFight.m; sourceTree = "<group>"; };
		FCE8627C14ED9A9500AEA223 /* AIFight.h */ = {isa = PBXFileReference; fileEncoding = 4; lastKnownFileType = sourcecode.c.h; name = AIFight.h; path = player/AIFight.h; sourceTree = "<group>"; };
		FCE8627C14ED9A9500AEA227 /* RandomAIFightTest.m */ = {isa = PBXFileReference; fileEncoding = 4; lastKnownFileType = sourcecode.c.objc; name = RandomAIFightTest.m; path = Tests/RandomAIFightTest.m; sourceTree = SOURCE_ROOT; };
		FCE8627C14ED9A9500AEA229 /* RandomAIFightTest.h */ = {isa = PBXFileReference; fileEncoding = 4; lastKnownFileType = sourcecode.c.h; name = RandomAIFightTest.h; path = Tests/RandomAIFightTest.h; sourceTree = SOURCE_ROOT; };
		FCE8627C14ED9A9500AEA22A /* MonteCarloAI.m */ = {isa = PBXFileReference; fileEncoding = 4; lastKnownFileType = sourcecode.c.objc; path = MonteCarloAI.m; sourceTree = "<group>"; };
		FCE8627C14ED9A9500AEA22D /* MonteCarloAI.h */ = {isa = PBXFileReference; fileEncoding = 4; lastKnownFileType = sourcecode.c.h; path = MonteCarloAI.h; sourceTree = "<group>"; };
		FCE8627C14ED9A9500AEA22E /* AbstractPlayer.m */ = {isa = PBXFileReference; fileEncoding = 4; lastKnownFileType = sourcecode.c.objc; path = AbstractPlayer.m; sourceTree = "<group>"; };
		FCE8627C14ED9A9500AEA231 /* AbstractPlayer.h */ = {isa = PBXFileReference; fileEncoding = 4; lastKnownFileType = sourcecode.c.h; path = AbstractPlayer.h; sourceTree = "<group>"; };
		FCE8627C14ED9A9500AEA232 /* AIPlayer.m */ = {isa = PBXFileReference; fileEncoding = 4; lastKnownFileType = sourcecode.c.objc; path = AIPlayer.m; sourceTree = "<group>"; };
		FCE8627C14ED9A9500AEA235 /* AIPlayer.h */ = {isa = PBXFileReference; fileEncoding = 4; lastKnownFileType = sourcecode.c.h; path = AIPlayer.h; sourceTree = "<group>"; };
		FCE8627C14ED9A9500AEA236 /* TreeNode.m */ = {isa = PBXFileReference; fileEncoding = 4; lastKnownFileType = sourcecode.c.objc; path = TreeNode.m; sourceTree = "<group>"; };
		FCE8627C14ED9A9500AEA239 /* TreeNode.h */ = {isa = PBXFileReference; fileEncoding = 4; lastKnownFileType = sourcecode.c.h; path = TreeNode.h; sourceTree = "<group>"; };
		FCE8627C14ED9A9500AEA23B /* MonteCarloNode.m */ = {isa = PBXFileReference; fileEncoding = 4; lastKnownFileType = sourcecode.c.objc; path = MonteCarloNode.m; sourceTree = "<group>"; };
		FCE8627C14ED9A9500AEA23E /* MonteCarloNode.h */ = {isa = PBXFileReference; fileEncoding = 4; lastKnownFileType = sourcecode.c.h; path = MonteCarloNode.h; sourceTree = "<group>"; };
		FCE8627C14ED9A9500AEA23F /* RandomUtils.m */ = {isa = PBXFileReference; fileEncoding = 4; lastKnownFileType = sourcecode.c.objc; path = RandomUtils.m; sourceTree = "<group>"; };
		FCE8627C14ED9A9500AEA242 /* RandomUtils.h */ = {isa = PBXFileReference; fileEncoding = 4; lastKnownFileType = sourcecode.c.h; path = RandomUtils.h; sourceTree = "<group>"; };
		FCE8627C14ED9A9500AEA243 /* PlayersPair.m */ = {isa = PBXFileReference; fileEncoding = 4; lastKnownFileType = sourcecode.c.objc; path = PlayersPair.m; sourceTree = "<group>"; };
		FCE8627C14ED9A9500AEA246 /* PlayersPair.h */ = {isa = PBXFileReference; fileEncoding = 4; lastKnownFileType = sourcecode.c.h; path = PlayersPair.h; sourceTree = "<group>"; };
		FCE8627C14ED9A9500AEA24A /* WinRatio.m */ = {isa = PBXFileReference; fileEncoding = 4; lastKnownFileType = sourcecode.c.objc; name = WinRatio.m; path = player/montecarlo/WinRatio.m; sourceTree = "<group>"; };
		FCE8627C14ED9A9500AEA24D /* WinRatio.h */ = {isa = PBXFileReference; fileEncoding = 4; lastKnownFileType = sourcecode.c.h; name = WinRatio.h; path = player/montecarlo/WinRatio.h; sourceTree = "<group>"; };
		FCE8627C14ED9A9500AEA257 /* MonteCarloAI2.h */ = {isa = PBXFileReference; fileEncoding = 4; lastKnownFileType = sourcecode.c.h; path = MonteCarloAI2.h; sourceTree = "<group>"; };
		FCE8627C14ED9A9500AEA258 /* MonteCarloAI2.m */ = {isa = PBXFileReference; fileEncoding = 4; lastKnownFileType = sourcecode.c.objc; path = MonteCarloAI2.m; sourceTree = "<group>"; };
		FCE8627C14ED9A9500AEA25B /* MonteCarloNode2.h */ = {isa = PBXFileReference; fileEncoding = 4; lastKnownFileType = sourcecode.c.h; path = MonteCarloNode2.h; sourceTree = "<group>"; };
		FCE8627C14ED9A9500AEA25C /* MonteCarloNode2.m */ = {isa = PBXFileReference; fileEncoding = 4; lastKnownFileType = sourcecode.c.objc; path = MonteCarloNode2.m; sourceTree = "<group>"; };
/* End PBXFileReference section */

/* Begin PBXFrameworksBuildPhase section */
		FC8B629114E997AE0084B74A /* Frameworks */ = {
			isa = PBXFrameworksBuildPhase;
			buildActionMask = 2147483647;
			files = (
				FC47033015016ED00004FB52 /* UIKit.framework in Frameworks */,
				FC47032E15016ECA0004FB52 /* CoreGraphics.framework in Frameworks */,
				FC47032C15016E8E0004FB52 /* Foundation.framework in Frameworks */,
			);
			runOnlyForDeploymentPostprocessing = 0;
		};
		FCCF36EC151908190023D983 /* Frameworks */ = {
			isa = PBXFrameworksBuildPhase;
			buildActionMask = 2147483647;
			files = (
				FCCF36F1151908190023D983 /* SenTestingKit.framework in Frameworks */,
				FCCF36F2151908190023D983 /* UIKit.framework in Frameworks */,
				FCCF36F3151908190023D983 /* Foundation.framework in Frameworks */,
			);
			runOnlyForDeploymentPostprocessing = 0;
		};
/* End PBXFrameworksBuildPhase section */

/* Begin PBXGroup section */
		FC47033115016EF40004FB52 /* Frameworks */ = {
			isa = PBXGroup;
			children = (
				FC47032F15016ED00004FB52 /* UIKit.framework */,
				FC47032D15016ECA0004FB52 /* CoreGraphics.framework */,
				FC47032B15016E8E0004FB52 /* Foundation.framework */,
				FC47033815016F790004FB52 /* SenTestingKit.framework */,
			);
			name = Frameworks;
			sourceTree = "<group>";
		};
		FC47033C15016F790004FB52 /* Tests */ = {
			isa = PBXGroup;
			children = (
				FC47033D15016F790004FB52 /* Supporting Files */,
			);
			path = Tests;
			sourceTree = "<group>";
		};
		FC47033D15016F790004FB52 /* Supporting Files */ = {
			isa = PBXGroup;
			children = (
				FC47033E15016F790004FB52 /* Tests-Info.plist */,
				FC47033F15016F790004FB52 /* InfoPlist.strings */,
				FC47034515016F790004FB52 /* Tests-Prefix.pch */,
			);
			name = "Supporting Files";
			sourceTree = "<group>";
		};
		FC49E6D714EB005E0067166D /* utils */ = {
			isa = PBXGroup;
			children = (
				FCE8627C14ED9A9500AEA242 /* RandomUtils.h */,
				FCE8627C14ED9A9500AEA23F /* RandomUtils.m */,
				FCE8627C14ED9A9500AEA239 /* TreeNode.h */,
				FCE8627C14ED9A9500AEA236 /* TreeNode.m */,
				FCE8627C14ED9A9500AEA216 /* Array2D.h */,
				FCE8627C14ED9A9500AEA214 /* Array2D.m */,
				FC3FE9D314F448A70092543C /* Stack.h */,
				FC3FE9D414F448A70092543C /* Stack.m */,
			);
			name = utils;
			sourceTree = "<group>";
		};
		FC8B628914E997AE0084B74A = {
			isa = PBXGroup;
			children = (
				FC47033C15016F790004FB52 /* Tests */,
				FCCF36F4151908190023D983 /* tests */,
				FC47033115016EF40004FB52 /* Frameworks */,
				FC8B629E14E997AE0084B74A /* Hex Board Game */,
				FC8B629514E997AE0084B74A /* Products */,
			);
			sourceTree = "<group>";
		};
		FC8B629514E997AE0084B74A /* Products */ = {
			isa = PBXGroup;
			children = (
				FC8B629414E997AE0084B74A /* Hex Board Game.app */,
				FCCF36F0151908190023D983 /* tests.octest */,
			);
			name = Products;
			sourceTree = "<group>";
		};
		FC8B629E14E997AE0084B74A /* Hex Board Game */ = {
			isa = PBXGroup;
			children = (
				FC49E6D714EB005E0067166D /* utils */,
				FC8B62C514E9B9600084B74A /* view */,
				FC8B62BE14E9A75A0084B74A /* domain */,
				FC8B62A714E997AE0084B74A /* AppDelegate.h */,
				FC8B62A814E997AE0084B74A /* AppDelegate.m */,
				FC8B62AA14E997AE0084B74A /* ViewController.h */,
				FC8B62AB14E997AE0084B74A /* ViewController.m */,
				FC8B62AD14E997AE0084B74A /* ViewController.xib */,
				FC8B629F14E997AE0084B74A /* Supporting Files */,
				FCE8627C14ED9A9500AEA219 /* player */,
			);
			path = "Hex Board Game";
			sourceTree = "<group>";
		};
		FC8B629F14E997AE0084B74A /* Supporting Files */ = {
			isa = PBXGroup;
			children = (
				FC8B62A014E997AE0084B74A /* Hex Board Game-Info.plist */,
				FC8B62A114E997AE0084B74A /* InfoPlist.strings */,
				FC8B62A414E997AE0084B74A /* main.m */,
				FC8B62A614E997AE0084B74A /* Hex Board Game-Prefix.pch */,
			);
			name = "Supporting Files";
			sourceTree = "<group>";
		};
		FC8B62BE14E9A75A0084B74A /* domain */ = {
			isa = PBXGroup;
			children = (
				FCE8627C14ED9A9500AEA24A /* WinRatio.m */,
				FCE8627C14ED9A9500AEA24D /* WinRatio.h */,
				FCE8627C14ED9A9500AEA221 /* AIFight.m */,
				FCE8627C14ED9A9500AEA223 /* AIFight.h */,
				FCE8627C14ED9A9500AEA213 /* GameStatus.h */,
				FCE8627C14ED9A9500AEA211 /* GameStatus.m */,
				FC8B62BB14E9A7510084B74A /* Game.h */,
				FC8B62BC14E9A7510084B74A /* Game.m */,
				FC8B62BF14E9A7A10084B74A /* Board.h */,
				FC8B62C014E9A7A10084B74A /* Board.m */,
				FC8B62C214E9A96B0084B74A /* Hex.h */,
				FC8B62C314E9A96B0084B74A /* Hex.m */,
			);
			name = domain;
			sourceTree = "<group>";
		};
		FC8B62C514E9B9600084B74A /* view */ = {
			isa = PBXGroup;
			children = (
				FC8B62B514E997E40084B74A /* MainView.h */,
				FC8B62B614E997E40084B74A /* MainView.m */,
				FC8B62C614E9B9900084B74A /* HexView.h */,
				FC8B62C714E9B9900084B74A /* HexView.m */,
				FC49E6DB14EB05660067166D /* BoardView.h */,
				FC49E6DC14EB05660067166D /* BoardView.m */,
			);
			name = view;
			sourceTree = "<group>";
		};
		FCCF36F4151908190023D983 /* tests */ = {
			isa = PBXGroup;
			children = (
				FCE8627C14ED9A9500AEA229 /* RandomAIFightTest.h */,
				FCE8627C14ED9A9500AEA227 /* RandomAIFightTest.m */,
				FCCF36F5151908190023D983 /* Supporting Files */,
				FC189397153B33E900708E7E /* MonteCarloTest.h */,
				FC189398153B33E900708E7E /* MonteCarloTest.m */,
			);
			path = tests;
			sourceTree = "<group>";
		};
		FCCF36F5151908190023D983 /* Supporting Files */ = {
			isa = PBXGroup;
			children = (
				FCCF36F6151908190023D983 /* tests-Info.plist */,
				FCCF36F7151908190023D983 /* InfoPlist.strings */,
				FCCF36FD151908190023D983 /* tests-Prefix.pch */,
			);
			name = "Supporting Files";
			sourceTree = "<group>";
		};
		FCE8627C14ED9A9500AEA219 /* player */ = {
			isa = PBXGroup;
			children = (
				FCE8627C14ED9A9500AEA246 /* PlayersPair.h */,
				FCE8627C14ED9A9500AEA243 /* PlayersPair.m */,
				FCE8627C14ED9A9500AEA235 /* AIPlayer.h */,
				FCE8627C14ED9A9500AEA232 /* AIPlayer.m */,
				FCE8627C14ED9A9500AEA231 /* AbstractPlayer.h */,
				FCE8627C14ED9A9500AEA22E /* AbstractPlayer.m */,
				FCE8627C14ED9A9500AEA220 /* RandomAI.h */,
				FCE8627C14ED9A9500AEA21E /* RandomAI.m */,
				FCE8627C14ED9A9500AEA21D /* Human.h */,
				FCE8627C14ED9A9500AEA21B /* Human.m */,
				FCE8627C14ED9A9500AEA21A /* Player.h */,
				FCE8627C14ED9A9500AEA23A /* montecarlo */,
				FCE8627C14ED9A9500AEA24E /* montecarlo2 */,
			);
			path = player;
			sourceTree = "<group>";
		};
		FCE8627C14ED9A9500AEA23A /* montecarlo */ = {
			isa = PBXGroup;
			children = (
				FCE8627C14ED9A9500AEA23E /* MonteCarloNode.h */,
				FCE8627C14ED9A9500AEA23B /* MonteCarloNode.m */,
				FCE8627C14ED9A9500AEA22A /* MonteCarloAI.m */,
				FCE8627C14ED9A9500AEA22D /* MonteCarloAI.h */,
			);
			path = montecarlo;
			sourceTree = "<group>";
		};
		FCE8627C14ED9A9500AEA24E /* montecarlo2 */ = {
			isa = PBXGroup;
			children = (
				FCE8627C14ED9A9500AEA25C /* MonteCarloNode2.m */,
				FCE8627C14ED9A9500AEA25B /* MonteCarloNode2.h */,
				FCE8627C14ED9A9500AEA258 /* MonteCarloAI2.m */,
				FCE8627C14ED9A9500AEA257 /* MonteCarloAI2.h */,
			);
			path = montecarlo2;
			sourceTree = "<group>";
		};
/* End PBXGroup section */

/* Begin PBXNativeTarget section */
		FC8B629314E997AE0084B74A /* Hex Board Game */ = {
			isa = PBXNativeTarget;
			buildConfigurationList = FC8B62B214E997AE0084B74A /* Build configuration list for PBXNativeTarget "Hex Board Game" */;
			buildPhases = (
				FC8B629014E997AE0084B74A /* Sources */,
				FC8B629114E997AE0084B74A /* Frameworks */,
				FC8B629214E997AE0084B74A /* Resources */,
			);
			buildRules = (
			);
			dependencies = (
			);
			name = "Hex Board Game";
			productName = "Hex Board Game";
			productReference = FC8B629414E997AE0084B74A /* Hex Board Game.app */;
			productType = "com.apple.product-type.application";
		};
		FCCF36EF151908190023D983 /* tests */ = {
			isa = PBXNativeTarget;
			buildConfigurationList = FCCF36FE151908190023D983 /* Build configuration list for PBXNativeTarget "tests" */;
			buildPhases = (
				FCCF36EB151908190023D983 /* Sources */,
				FCCF36EC151908190023D983 /* Frameworks */,
				FCCF36ED151908190023D983 /* Resources */,
				FCCF36EE151908190023D983 /* ShellScript */,
			);
			buildRules = (
			);
			dependencies = (
			);
			name = tests;
			productName = tests;
			productReference = FCCF36F0151908190023D983 /* tests.octest */;
			productType = "com.apple.product-type.bundle";
		};
/* End PBXNativeTarget section */

/* Begin PBXProject section */
		FC8B628B14E997AE0084B74A /* Project object */ = {
			isa = PBXProject;
			attributes = {
				LastUpgradeCheck = 0420;
			};
			buildConfigurationList = FC8B628E14E997AE0084B74A /* Build configuration list for PBXProject "Hex Board Game" */;
			compatibilityVersion = "Xcode 3.2";
			developmentRegion = English;
			hasScannedForEncodings = 0;
			knownRegions = (
				en,
			);
			mainGroup = FC8B628914E997AE0084B74A;
			productRefGroup = FC8B629514E997AE0084B74A /* Products */;
			projectDirPath = "";
			projectRoot = "";
			targets = (
				FC8B629314E997AE0084B74A /* Hex Board Game */,
				FCCF36EF151908190023D983 /* tests */,
			);
		};
/* End PBXProject section */

/* Begin PBXResourcesBuildPhase section */
		FC8B629214E997AE0084B74A /* Resources */ = {
			isa = PBXResourcesBuildPhase;
			buildActionMask = 2147483647;
			files = (
				FC8B62A314E997AE0084B74A /* InfoPlist.strings in Resources */,
				FC8B62AF14E997AE0084B74A /* ViewController.xib in Resources */,
			);
			runOnlyForDeploymentPostprocessing = 0;
		};
		FCCF36ED151908190023D983 /* Resources */ = {
			isa = PBXResourcesBuildPhase;
			buildActionMask = 2147483647;
			files = (
				FCCF36F9151908190023D983 /* InfoPlist.strings in Resources */,
			);
			runOnlyForDeploymentPostprocessing = 0;
		};
/* End PBXResourcesBuildPhase section */

/* Begin PBXShellScriptBuildPhase section */
		FCCF36EE151908190023D983 /* ShellScript */ = {
			isa = PBXShellScriptBuildPhase;
			buildActionMask = 2147483647;
			files = (
			);
			inputPaths = (
			);
			outputPaths = (
			);
			runOnlyForDeploymentPostprocessing = 0;
			shellPath = /bin/sh;
			shellScript = "# Run the unit tests in this test bundle.\n\"${SYSTEM_DEVELOPER_DIR}/Tools/RunUnitTests\"\n";
		};
/* End PBXShellScriptBuildPhase section */

/* Begin PBXSourcesBuildPhase section */
		FC8B629014E997AE0084B74A /* Sources */ = {
			isa = PBXSourcesBuildPhase;
			buildActionMask = 2147483647;
			files = (
				FC8B62A514E997AE0084B74A /* main.m in Sources */,
				FC8B62A914E997AE0084B74A /* AppDelegate.m in Sources */,
				FC8B62AC14E997AE0084B74A /* ViewController.m in Sources */,
				FC8B62B714E997E40084B74A /* MainView.m in Sources */,
				FC8B62BD14E9A7510084B74A /* Game.m in Sources */,
				FC8B62C114E9A7A10084B74A /* Board.m in Sources */,
				FC8B62C414E9A96B0084B74A /* Hex.m in Sources */,
				FC8B62C814E9B9900084B74A /* HexView.m in Sources */,
				FC49E6DD14EB05660067166D /* BoardView.m in Sources */,
				FC3FE9D514F448A70092543C /* Stack.m in Sources */,
				FCE8627C14ED9A9500AEA212 /* GameStatus.m in Sources */,
				FCE8627C14ED9A9500AEA215 /* Array2D.m in Sources */,
				FCE8627C14ED9A9500AEA218 /* (null) in Sources */,
				FCE8627C14ED9A9500AEA21C /* Human.m in Sources */,
				FCE8627C14ED9A9500AEA21F /* RandomAI.m in Sources */,
				FCE8627C14ED9A9500AEA222 /* AIFight.m in Sources */,
				FCE8627C14ED9A9500AEA22B /* MonteCarloAI.m in Sources */,
				FCE8627C14ED9A9500AEA22F /* AbstractPlayer.m in Sources */,
				FCE8627C14ED9A9500AEA233 /* AIPlayer.m in Sources */,
				FCE8627C14ED9A9500AEA237 /* TreeNode.m in Sources */,
				FCE8627C14ED9A9500AEA23C /* MonteCarloNode.m in Sources */,
				FCE8627C14ED9A9500AEA240 /* RandomUtils.m in Sources */,
				FCE8627C14ED9A9500AEA244 /* PlayersPair.m in Sources */,
				FCE8627C14ED9A9500AEA24B /* WinRatio.m in Sources */,
				FCE8627C14ED9A9500AEA259 /* MonteCarloAI2.m in Sources */,
				FCE8627C14ED9A9500AEA25D /* MonteCarloNode2.m in Sources */,
				FCE8627C14ED9A9500AEA260 /* DummyAI.m in Sources */,
			);
			runOnlyForDeploymentPostprocessing = 0;
		};
		FCCF36EB151908190023D983 /* Sources */ = {
			isa = PBXSourcesBuildPhase;
			buildActionMask = 2147483647;
			files = (
				FCCF373115190C380023D983 /* Array2D.h in Sources */,
				FCCF373215190C380023D983 /* Array2D.m in Sources */,
				FCCF373315190C380023D983 /* Stack.h in Sources */,
				FCCF373415190C380023D983 /* Stack.m in Sources */,
				FCCF372C15190C200023D983 /* RandomAI.h in Sources */,
				FCCF372D15190C200023D983 /* RandomAI.m in Sources */,
				FCCF372E15190C200023D983 /* Human.h in Sources */,
				FCCF372F15190C200023D983 /* Human.m in Sources */,
				FCCF373015190C200023D983 /* Player.h in Sources */,
				FCCF372415190C160023D983 /* AIFight.m in Sources */,
				FCCF372515190C160023D983 /* AIFight.h in Sources */,
				FCCF372615190C160023D983 /* GameStatus.h in Sources */,
				FCCF372715190C160023D983 /* GameStatus.m in Sources */,
				FCCF372815190C160023D983 /* Board.h in Sources */,
				FCCF372915190C160023D983 /* Board.m in Sources */,
				FCCF372A15190C160023D983 /* Hex.h in Sources */,
				FCCF372B15190C160023D983 /* Hex.m in Sources */,
				FCE8627C14ED9A9500AEA228 /* RandomAIFightTest.m in Sources */,
				FCE8627C14ED9A9500AEA22C /* MonteCarloAI.m in Sources */,
				FCE8627C14ED9A9500AEA230 /* AbstractPlayer.m in Sources */,
				FCE8627C14ED9A9500AEA234 /* AIPlayer.m in Sources */,
				FCE8627C14ED9A9500AEA238 /* TreeNode.m in Sources */,
				FCE8627C14ED9A9500AEA23D /* MonteCarloNode.m in Sources */,
				FCE8627C14ED9A9500AEA241 /* RandomUtils.m in Sources */,
				FCE8627C14ED9A9500AEA245 /* PlayersPair.m in Sources */,
				FCE8627C14ED9A9500AEA24C /* WinRatio.m in Sources */,
				FC189399153B33E900708E7E /* MonteCarloTest.m in Sources */,
				FCE8627C14ED9A9500AEA25A /* MonteCarloAI2.m in Sources */,
				FCE8627C14ED9A9500AEA25E /* MonteCarloNode2.m in Sources */,
			);
			runOnlyForDeploymentPostprocessing = 0;
		};
/* End PBXSourcesBuildPhase section */

/* Begin PBXVariantGroup section */
		FC47033F15016F790004FB52 /* InfoPlist.strings */ = {
			isa = PBXVariantGroup;
			children = (
				FC47034015016F790004FB52 /* en */,
			);
			name = InfoPlist.strings;
			sourceTree = "<group>";
		};
		FC8B62A114E997AE0084B74A /* InfoPlist.strings */ = {
			isa = PBXVariantGroup;
			children = (
				FC8B62A214E997AE0084B74A /* en */,
			);
			name = InfoPlist.strings;
			sourceTree = "<group>";
		};
		FC8B62AD14E997AE0084B74A /* ViewController.xib */ = {
			isa = PBXVariantGroup;
			children = (
				FC8B62AE14E997AE0084B74A /* en */,
			);
			name = ViewController.xib;
			sourceTree = "<group>";
		};
		FCCF36F7151908190023D983 /* InfoPlist.strings */ = {
			isa = PBXVariantGroup;
			children = (
				FCCF36F8151908190023D983 /* en */,
			);
			name = InfoPlist.strings;
			sourceTree = "<group>";
		};
/* End PBXVariantGroup section */

/* Begin XCBuildConfiguration section */
		FC8B62B014E997AE0084B74A /* Debug */ = {
			isa = XCBuildConfiguration;
			buildSettings = {
				ALWAYS_SEARCH_USER_PATHS = NO;
				ARCHS = "$(ARCHS_STANDARD_32_BIT)";
				CLANG_ENABLE_OBJC_ARC = YES;
				"CODE_SIGN_IDENTITY[sdk=iphoneos*]" = "iPhone Developer";
				COPY_PHASE_STRIP = NO;
				GCC_C_LANGUAGE_STANDARD = gnu99;
				GCC_DYNAMIC_NO_PIC = NO;
				GCC_OPTIMIZATION_LEVEL = 0;
				GCC_PREPROCESSOR_DEFINITIONS = (
					"DEBUG=1",
					"$(inherited)",
				);
				GCC_SYMBOLS_PRIVATE_EXTERN = NO;
				GCC_VERSION = com.apple.compilers.llvm.clang.1_0;
				GCC_WARN_ABOUT_MISSING_PROTOTYPES = YES;
				GCC_WARN_ABOUT_RETURN_TYPE = YES;
				GCC_WARN_UNUSED_VARIABLE = YES;
				IPHONEOS_DEPLOYMENT_TARGET = 5.0;
				SDKROOT = iphoneos;
			};
			name = Debug;
		};
		FC8B62B114E997AE0084B74A /* Release */ = {
			isa = XCBuildConfiguration;
			buildSettings = {
				ALWAYS_SEARCH_USER_PATHS = NO;
				ARCHS = "$(ARCHS_STANDARD_32_BIT)";
				CLANG_ENABLE_OBJC_ARC = YES;
				"CODE_SIGN_IDENTITY[sdk=iphoneos*]" = "iPhone Developer";
				COPY_PHASE_STRIP = YES;
				GCC_C_LANGUAGE_STANDARD = gnu99;
				GCC_VERSION = com.apple.compilers.llvm.clang.1_0;
				GCC_WARN_ABOUT_MISSING_PROTOTYPES = YES;
				GCC_WARN_ABOUT_RETURN_TYPE = YES;
				GCC_WARN_UNUSED_VARIABLE = YES;
				IPHONEOS_DEPLOYMENT_TARGET = 5.0;
				OTHER_CFLAGS = "-DNS_BLOCK_ASSERTIONS=1";
				SDKROOT = iphoneos;
				VALIDATE_PRODUCT = YES;
			};
			name = Release;
		};
		FC8B62B314E997AE0084B74A /* Debug */ = {
			isa = XCBuildConfiguration;
			buildSettings = {
				GCC_PRECOMPILE_PREFIX_HEADER = YES;
				GCC_PREFIX_HEADER = "Hex Board Game/Hex Board Game-Prefix.pch";
				INFOPLIST_FILE = "Hex Board Game/Hex Board Game-Info.plist";
				PRODUCT_NAME = "$(TARGET_NAME)";
				WRAPPER_EXTENSION = app;
			};
			name = Debug;
		};
		FC8B62B414E997AE0084B74A /* Release */ = {
			isa = XCBuildConfiguration;
			buildSettings = {
				GCC_PRECOMPILE_PREFIX_HEADER = YES;
				GCC_PREFIX_HEADER = "Hex Board Game/Hex Board Game-Prefix.pch";
				INFOPLIST_FILE = "Hex Board Game/Hex Board Game-Info.plist";
				PRODUCT_NAME = "$(TARGET_NAME)";
				WRAPPER_EXTENSION = app;
			};
			name = Release;
		};
		FCCF36FF151908190023D983 /* Debug */ = {
			isa = XCBuildConfiguration;
			buildSettings = {
				FRAMEWORK_SEARCH_PATHS = (
					"$(SDKROOT)/Developer/Library/Frameworks",
					"$(DEVELOPER_LIBRARY_DIR)/Frameworks",
				);
				GCC_PRECOMPILE_PREFIX_HEADER = YES;
				GCC_PREFIX_HEADER = "tests/tests-Prefix.pch";
				INFOPLIST_FILE = "tests/tests-Info.plist";
				PRODUCT_NAME = "$(TARGET_NAME)";
				WRAPPER_EXTENSION = octest;
			};
			name = Debug;
		};
		FCCF3700151908190023D983 /* Release */ = {
			isa = XCBuildConfiguration;
			buildSettings = {
				FRAMEWORK_SEARCH_PATHS = (
					"$(SDKROOT)/Developer/Library/Frameworks",
					"$(DEVELOPER_LIBRARY_DIR)/Frameworks",
				);
				GCC_PRECOMPILE_PREFIX_HEADER = YES;
				GCC_PREFIX_HEADER = "tests/tests-Prefix.pch";
				INFOPLIST_FILE = "tests/tests-Info.plist";
				PRODUCT_NAME = "$(TARGET_NAME)";
				WRAPPER_EXTENSION = octest;
			};
			name = Release;
		};
/* End XCBuildConfiguration section */

/* Begin XCConfigurationList section */
		FC8B628E14E997AE0084B74A /* Build configuration list for PBXProject "Hex Board Game" */ = {
			isa = XCConfigurationList;
			buildConfigurations = (
				FC8B62B014E997AE0084B74A /* Debug */,
				FC8B62B114E997AE0084B74A /* Release */,
			);
			defaultConfigurationIsVisible = 0;
			defaultConfigurationName = Release;
		};
		FC8B62B214E997AE0084B74A /* Build configuration list for PBXNativeTarget "Hex Board Game" */ = {
			isa = XCConfigurationList;
			buildConfigurations = (
				FC8B62B314E997AE0084B74A /* Debug */,
				FC8B62B414E997AE0084B74A /* Release */,
			);
			defaultConfigurationIsVisible = 0;
			defaultConfigurationName = Release;
		};
		FCCF36FE151908190023D983 /* Build configuration list for PBXNativeTarget "tests" */ = {
			isa = XCConfigurationList;
			buildConfigurations = (
				FCCF36FF151908190023D983 /* Debug */,
				FCCF3700151908190023D983 /* Release */,
			);
			defaultConfigurationIsVisible = 0;
			defaultConfigurationName = Release;
		};
/* End XCConfigurationList section */
	};
	rootObject = FC8B628B14E997AE0084B74A /* Project object */;
}
